
Microsoft Visual Studio Solution File, Format Version 12.00
# Visual Studio Version 17
VisualStudioVersion = 17.11.35222.181
MinimumVisualStudioVersion = 10.0.40219.1
Project("{FAE04EC0-301F-11D3-BF4B-00C04F79EFBC}") = "SistemaInventarioV8", "SistemaInventarioV8\SistemaInventarioV8.csproj", "{BA9A0048-1426-45E2-BF29-F9B96D0DA88C}"
EndProject
Global
	GlobalSection(SolutionConfigurationPlatforms) = preSolution
		Debug|Any CPU = Debug|Any CPU
		Release|Any CPU = Release|Any CPU
	EndGlobalSection
	GlobalSection(ProjectConfigurationPlatforms) = postSolution
		{BA9A0048-1426-45E2-BF29-F9B96D0DA88C}.Debug|Any CPU.ActiveCfg = Debug|Any CPU
		{BA9A0048-1426-45E2-BF29-F9B96D0DA88C}.Debug|Any CPU.Build.0 = Debug|Any CPU
		{BA9A0048-1426-45E2-BF29-F9B96D0DA88C}.Release|Any CPU.ActiveCfg = Release|Any CPU
		{BA9A0048-1426-45E2-BF29-F9B96D0DA88C}.Release|Any CPU.Build.0 = Release|Any CPU
	EndGlobalSection
	GlobalSection(SolutionProperties) = preSolution
		HideSolutionNode = FALSE
	EndGlobalSection
	GlobalSection(ExtensibilityGlobals) = postSolution
		SolutionGuid = {3B735FAB-F7DB-4C7E-A117-C242B2E5C2B5}
	EndGlobalSection
EndGlobal
